
Microsoft Visual Studio Solution File, Format Version 11.00
# Visual Studio 2010
Project("{FAE04EC0-301F-11D3-BF4B-00C04F79EFBC}") = "Assembly-CSharp", "Assembly-CSharp.csproj", "{3B30ADFA-A8F6-D0BA-E587-73EC2F9DCEBF}"
EndProject
Global
	GlobalSection(SolutionConfigurationPlatforms) = preSolution
		Debug|Any CPU = Debug|Any CPU
		Release|Any CPU = Release|Any CPU
	EndGlobalSection
	GlobalSection(ProjectConfigurationPlatforms) = postSolution
		{3B30ADFA-A8F6-D0BA-E587-73EC2F9DCEBF}.Debug|Any CPU.ActiveCfg = Debug|Any CPU
		{3B30ADFA-A8F6-D0BA-E587-73EC2F9DCEBF}.Debug|Any CPU.Build.0 = Debug|Any CPU
		{3B30ADFA-A8F6-D0BA-E587-73EC2F9DCEBF}.Release|Any CPU.ActiveCfg = Release|Any CPU
		{3B30ADFA-A8F6-D0BA-E587-73EC2F9DCEBF}.Release|Any CPU.Build.0 = Release|Any CPU
	EndGlobalSection
	GlobalSection(SolutionProperties) = preSolution
		HideSolutionNode = FALSE
	EndGlobalSection
EndGlobal
